// !$*UTF8*$!
{
	archiveVersion = 1;
	classes = {
	};
	objectVersion = 77;
	objects = {

/* Begin PBXBuildFile section */
		A63060CF2D33FC0F000860C7 /* QuizViewModel.swift in Sources */ = {isa = PBXBuildFile; fileRef = A63060CE2D33FC09000860C7 /* QuizViewModel.swift */; };
		A63060D22D33FE1D000860C7 /* QuestionDetails.swift in Sources */ = {isa = PBXBuildFile; fileRef = A63060D12D33FE1B000860C7 /* QuestionDetails.swift */; };
		A63060D62D33FE34000860C7 /* GetQuestionDetailsResponse.swift in Sources */ = {isa = PBXBuildFile; fileRef = A63060D52D33FE33000860C7 /* GetQuestionDetailsResponse.swift */; };
		A63060DA2D33FE6C000860C7 /* Request.swift in Sources */ = {isa = PBXBuildFile; fileRef = A63060D82D33FE6C000860C7 /* Request.swift */; };
		A63060DB2D33FE6C000860C7 /* Service.swift in Sources */ = {isa = PBXBuildFile; fileRef = A63060D72D33FE6C000860C7 /* Service.swift */; };
		A63060FC2D34392D000860C7 /* Constants.swift in Sources */ = {isa = PBXBuildFile; fileRef = A63060FA2D34392D000860C7 /* Constants.swift */; };
		A63060FE2D343E59000860C7 /* QuizControllerView.swift in Sources */ = {isa = PBXBuildFile; fileRef = A63060FD2D343E4F000860C7 /* QuizControllerView.swift */; };
		A63061002D34763B000860C7 /* Answer.swift in Sources */ = {isa = PBXBuildFile; fileRef = A63060FF2D347638000860C7 /* Answer.swift */; };
		A64B73112D352241004D11EC /* SplashScreen.swift in Sources */ = {isa = PBXBuildFile; fileRef = A64B73102D352238004D11EC /* SplashScreen.swift */; };
		A698B9142D3313450034651E /* QuizAppApp.swift in Sources */ = {isa = PBXBuildFile; fileRef = A698B9112D3313450034651E /* QuizAppApp.swift */; };
		A698B9152D3313450034651E /* Preview Assets.xcassets in Resources */ = {isa = PBXBuildFile; fileRef = A698B90D2D3313450034651E /* Preview Assets.xcassets */; };
		A698B9162D3313450034651E /* Assets.xcassets in Resources */ = {isa = PBXBuildFile; fileRef = A698B90F2D3313450034651E /* Assets.xcassets */; };
		A698B9192D33135E0034651E /* QuizQuestionView.swift in Sources */ = {isa = PBXBuildFile; fileRef = A698B9182D33135D0034651E /* QuizQuestionView.swift */; };
		A698B91B2D3314510034651E /* QuizResultView.swift in Sources */ = {isa = PBXBuildFile; fileRef = A698B91A2D33144F0034651E /* QuizResultView.swift */; };
		A698B91E2D33171B0034651E /* QuizIntroductionView.swift in Sources */ = {isa = PBXBuildFile; fileRef = A698B91D2D3317190034651E /* QuizIntroductionView.swift */; };
/* End PBXBuildFile section */

/* Begin PBXFileReference section */
		A63060CE2D33FC09000860C7 /* QuizViewModel.swift */ = {isa = PBXFileReference; lastKnownFileType = sourcecode.swift; path = QuizViewModel.swift; sourceTree = "<group>"; };
		A63060D12D33FE1B000860C7 /* QuestionDetails.swift */ = {isa = PBXFileReference; lastKnownFileType = sourcecode.swift; path = QuestionDetails.swift; sourceTree = "<group>"; };
		A63060D52D33FE33000860C7 /* GetQuestionDetailsResponse.swift */ = {isa = PBXFileReference; lastKnownFileType = sourcecode.swift; path = GetQuestionDetailsResponse.swift; sourceTree = "<group>"; };
		A63060D72D33FE6C000860C7 /* Service.swift */ = {isa = PBXFileReference; lastKnownFileType = sourcecode.swift; path = Service.swift; sourceTree = "<group>"; };
		A63060D82D33FE6C000860C7 /* Request.swift */ = {isa = PBXFileReference; lastKnownFileType = sourcecode.swift; path = Request.swift; sourceTree = "<group>"; };
		A63060FA2D34392D000860C7 /* Constants.swift */ = {isa = PBXFileReference; lastKnownFileType = sourcecode.swift; path = Constants.swift; sourceTree = "<group>"; };
		A63060FD2D343E4F000860C7 /* QuizControllerView.swift */ = {isa = PBXFileReference; lastKnownFileType = sourcecode.swift; path = QuizControllerView.swift; sourceTree = "<group>"; };
		A63060FF2D347638000860C7 /* Answer.swift */ = {isa = PBXFileReference; lastKnownFileType = sourcecode.swift; path = Answer.swift; sourceTree = "<group>"; };
		A64B73102D352238004D11EC /* SplashScreen.swift */ = {isa = PBXFileReference; lastKnownFileType = sourcecode.swift; path = SplashScreen.swift; sourceTree = "<group>"; };
		A698B8FC2D3313260034651E /* QuizApp.app */ = {isa = PBXFileReference; explicitFileType = wrapper.application; includeInIndex = 0; path = QuizApp.app; sourceTree = BUILT_PRODUCTS_DIR; };
		A698B90D2D3313450034651E /* Preview Assets.xcassets */ = {isa = PBXFileReference; lastKnownFileType = folder.assetcatalog; path = "Preview Assets.xcassets"; sourceTree = "<group>"; };
		A698B90F2D3313450034651E /* Assets.xcassets */ = {isa = PBXFileReference; lastKnownFileType = folder.assetcatalog; path = Assets.xcassets; sourceTree = "<group>"; };
		A698B9112D3313450034651E /* QuizAppApp.swift */ = {isa = PBXFileReference; lastKnownFileType = sourcecode.swift; path = QuizAppApp.swift; sourceTree = "<group>"; };
		A698B9182D33135D0034651E /* QuizQuestionView.swift */ = {isa = PBXFileReference; lastKnownFileType = sourcecode.swift; path = QuizQuestionView.swift; sourceTree = "<group>"; };
		A698B91A2D33144F0034651E /* QuizResultView.swift */ = {isa = PBXFileReference; lastKnownFileType = sourcecode.swift; path = QuizResultView.swift; sourceTree = "<group>"; };
		A698B91D2D3317190034651E /* QuizIntroductionView.swift */ = {isa = PBXFileReference; lastKnownFileType = sourcecode.swift; path = QuizIntroductionView.swift; sourceTree = "<group>"; };
/* End PBXFileReference section */

/* Begin PBXFrameworksBuildPhase section */
		A698B8F92D3313260034651E /* Frameworks */ = {
			isa = PBXFrameworksBuildPhase;
			buildActionMask = 2147483647;
			files = (
			);
			runOnlyForDeploymentPostprocessing = 0;
		};
/* End PBXFrameworksBuildPhase section */

/* Begin PBXGroup section */
		A63060CD2D33FC00000860C7 /* ViewModels */ = {
			isa = PBXGroup;
			children = (
				A63060CE2D33FC09000860C7 /* QuizViewModel.swift */,
			);
			path = ViewModels;
			sourceTree = "<group>";
		};
		A63060D02D33FE16000860C7 /* Model */ = {
			isa = PBXGroup;
			children = (
				A63060FF2D347638000860C7 /* Answer.swift */,
				A63060D52D33FE33000860C7 /* GetQuestionDetailsResponse.swift */,
				A63060D12D33FE1B000860C7 /* QuestionDetails.swift */,
			);
			path = Model;
			sourceTree = "<group>";
		};
		A63060D92D33FE6C000860C7 /* APIClient */ = {
			isa = PBXGroup;
			children = (
				A63060D72D33FE6C000860C7 /* Service.swift */,
				A63060D82D33FE6C000860C7 /* Request.swift */,
			);
			path = APIClient;
			sourceTree = "<group>";
		};
		A63060FB2D34392D000860C7 /* Common */ = {
			isa = PBXGroup;
			children = (
				A63060FA2D34392D000860C7 /* Constants.swift */,
			);
			path = Common;
			sourceTree = "<group>";
		};
		A698B8F32D3313260034651E = {
			isa = PBXGroup;
			children = (
				A698B9122D3313450034651E /* QuizApp */,
				A698B8FD2D3313260034651E /* Products */,
			);
			sourceTree = "<group>";
		};
		A698B8FD2D3313260034651E /* Products */ = {
			isa = PBXGroup;
			children = (
				A698B8FC2D3313260034651E /* QuizApp.app */,
			);
			name = Products;
			sourceTree = "<group>";
		};
		A698B90E2D3313450034651E /* Preview Content */ = {
			isa = PBXGroup;
			children = (
				A698B90D2D3313450034651E /* Preview Assets.xcassets */,
			);
			path = "Preview Content";
			sourceTree = "<group>";
		};
		A698B9122D3313450034651E /* QuizApp */ = {
			isa = PBXGroup;
			children = (
				A63060FB2D34392D000860C7 /* Common */,
				A63060D92D33FE6C000860C7 /* APIClient */,
				A63060D02D33FE16000860C7 /* Model */,
				A63060CD2D33FC00000860C7 /* ViewModels */,
				A698B9172D3313480034651E /* Views */,
				A698B90E2D3313450034651E /* Preview Content */,
				A698B90F2D3313450034651E /* Assets.xcassets */,
				A698B9112D3313450034651E /* QuizAppApp.swift */,
			);
			path = QuizApp;
			sourceTree = "<group>";
		};
		A698B9172D3313480034651E /* Views */ = {
			isa = PBXGroup;
			children = (
				A64B73102D352238004D11EC /* SplashScreen.swift */,
				A63060FD2D343E4F000860C7 /* QuizControllerView.swift */,
				A698B91D2D3317190034651E /* QuizIntroductionView.swift */,
				A698B91A2D33144F0034651E /* QuizResultView.swift */,
				A698B9182D33135D0034651E /* QuizQuestionView.swift */,
			);
			path = Views;
			sourceTree = "<group>";
		};
/* End PBXGroup section */

/* Begin PBXNativeTarget section */
		A698B8FB2D3313260034651E /* QuizApp */ = {
			isa = PBXNativeTarget;
			buildConfigurationList = A698B90A2D3313280034651E /* Build configuration list for PBXNativeTarget "QuizApp" */;
			buildPhases = (
				A698B8F82D3313260034651E /* Sources */,
				A698B8F92D3313260034651E /* Frameworks */,
				A698B8FA2D3313260034651E /* Resources */,
			);
			buildRules = (
			);
			dependencies = (
			);
			name = QuizApp;
			packageProductDependencies = (
			);
			productName = QuizApp;
			productReference = A698B8FC2D3313260034651E /* QuizApp.app */;
			productType = "com.apple.product-type.application";
		};
/* End PBXNativeTarget section */

/* Begin PBXProject section */
		A698B8F42D3313260034651E /* Project object */ = {
			isa = PBXProject;
			attributes = {
				BuildIndependentTargetsInParallel = 1;
				LastSwiftUpdateCheck = 1610;
				LastUpgradeCheck = 1610;
				TargetAttributes = {
					A698B8FB2D3313260034651E = {
						CreatedOnToolsVersion = 16.1;
					};
				};
			};
			buildConfigurationList = A698B8F72D3313260034651E /* Build configuration list for PBXProject "QuizApp" */;
			developmentRegion = en;
			hasScannedForEncodings = 0;
			knownRegions = (
				en,
				Base,
			);
			mainGroup = A698B8F32D3313260034651E;
			minimizedProjectReferenceProxies = 1;
			preferredProjectObjectVersion = 77;
			productRefGroup = A698B8FD2D3313260034651E /* Products */;
			projectDirPath = "";
			projectRoot = "";
			targets = (
				A698B8FB2D3313260034651E /* QuizApp */,
			);
		};
/* End PBXProject section */

/* Begin PBXResourcesBuildPhase section */
		A698B8FA2D3313260034651E /* Resources */ = {
			isa = PBXResourcesBuildPhase;
			buildActionMask = 2147483647;
			files = (
				A698B9152D3313450034651E /* Preview Assets.xcassets in Resources */,
				A698B9162D3313450034651E /* Assets.xcassets in Resources */,
			);
			runOnlyForDeploymentPostprocessing = 0;
		};
/* End PBXResourcesBuildPhase section */

/* Begin PBXSourcesBuildPhase section */
		A698B8F82D3313260034651E /* Sources */ = {
			isa = PBXSourcesBuildPhase;
			buildActionMask = 2147483647;
			files = (
				A63060DA2D33FE6C000860C7 /* Request.swift in Sources */,
				A63060FC2D34392D000860C7 /* Constants.swift in Sources */,
				A64B73112D352241004D11EC /* SplashScreen.swift in Sources */,
				A63060DB2D33FE6C000860C7 /* Service.swift in Sources */,
				A698B9142D3313450034651E /* QuizAppApp.swift in Sources */,
				A63060D62D33FE34000860C7 /* GetQuestionDetailsResponse.swift in Sources */,
				A63060D22D33FE1D000860C7 /* QuestionDetails.swift in Sources */,
				A63061002D34763B000860C7 /* Answer.swift in Sources */,
				A63060FE2D343E59000860C7 /* QuizControllerView.swift in Sources */,
				A698B91B2D3314510034651E /* QuizResultView.swift in Sources */,
				A63060CF2D33FC0F000860C7 /* QuizViewModel.swift in Sources */,
				A698B9192D33135E0034651E /* QuizQuestionView.swift in Sources */,
				A698B91E2D33171B0034651E /* QuizIntroductionView.swift in Sources */,
			);
			runOnlyForDeploymentPostprocessing = 0;
		};
/* End PBXSourcesBuildPhase section */

/* Begin XCBuildConfiguration section */
		A698B9082D3313280034651E /* Debug */ = {
			isa = XCBuildConfiguration;
			buildSettings = {
				ALWAYS_SEARCH_USER_PATHS = NO;
				ASSETCATALOG_COMPILER_GENERATE_SWIFT_ASSET_SYMBOL_EXTENSIONS = YES;
				CLANG_ANALYZER_NONNULL = YES;
				CLANG_ANALYZER_NUMBER_OBJECT_CONVERSION = YES_AGGRESSIVE;
				CLANG_CXX_LANGUAGE_STANDARD = "gnu++20";
				CLANG_ENABLE_MODULES = YES;
				CLANG_ENABLE_OBJC_ARC = YES;
				CLANG_ENABLE_OBJC_WEAK = YES;
				CLANG_WARN_BLOCK_CAPTURE_AUTORELEASING = YES;
				CLANG_WARN_BOOL_CONVERSION = YES;
				CLANG_WARN_COMMA = YES;
				CLANG_WARN_CONSTANT_CONVERSION = YES;
				CLANG_WARN_DEPRECATED_OBJC_IMPLEMENTATIONS = YES;
				CLANG_WARN_DIRECT_OBJC_ISA_USAGE = YES_ERROR;
				CLANG_WARN_DOCUMENTATION_COMMENTS = YES;
				CLANG_WARN_EMPTY_BODY = YES;
				CLANG_WARN_ENUM_CONVERSION = YES;
				CLANG_WARN_INFINITE_RECURSION = YES;
				CLANG_WARN_INT_CONVERSION = YES;
				CLANG_WARN_NON_LITERAL_NULL_CONVERSION = YES;
				CLANG_WARN_OBJC_IMPLICIT_RETAIN_SELF = YES;
				CLANG_WARN_OBJC_LITERAL_CONVERSION = YES;
				CLANG_WARN_OBJC_ROOT_CLASS = YES_ERROR;
				CLANG_WARN_QUOTED_INCLUDE_IN_FRAMEWORK_HEADER = YES;
				CLANG_WARN_RANGE_LOOP_ANALYSIS = YES;
				CLANG_WARN_STRICT_PROTOTYPES = YES;
				CLANG_WARN_SUSPICIOUS_MOVE = YES;
				CLANG_WARN_UNGUARDED_AVAILABILITY = YES_AGGRESSIVE;
				CLANG_WARN_UNREACHABLE_CODE = YES;
				CLANG_WARN__DUPLICATE_METHOD_MATCH = YES;
				COPY_PHASE_STRIP = NO;
				DEBUG_INFORMATION_FORMAT = dwarf;
				ENABLE_STRICT_OBJC_MSGSEND = YES;
				ENABLE_TESTABILITY = YES;
				ENABLE_USER_SCRIPT_SANDBOXING = YES;
				GCC_C_LANGUAGE_STANDARD = gnu17;
				GCC_DYNAMIC_NO_PIC = NO;
				GCC_NO_COMMON_BLOCKS = YES;
				GCC_OPTIMIZATION_LEVEL = 0;
				GCC_PREPROCESSOR_DEFINITIONS = (
					"DEBUG=1",
					"$(inherited)",
				);
				GCC_WARN_64_TO_32_BIT_CONVERSION = YES;
				GCC_WARN_ABOUT_RETURN_TYPE = YES_ERROR;
				GCC_WARN_UNDECLARED_SELECTOR = YES;
				GCC_WARN_UNINITIALIZED_AUTOS = YES_AGGRESSIVE;
				GCC_WARN_UNUSED_FUNCTION = YES;
				GCC_WARN_UNUSED_VARIABLE = YES;
				IPHONEOS_DEPLOYMENT_TARGET = 18.1;
				LOCALIZATION_PREFERS_STRING_CATALOGS = YES;
				MTL_ENABLE_DEBUG_INFO = INCLUDE_SOURCE;
				MTL_FAST_MATH = YES;
				ONLY_ACTIVE_ARCH = YES;
				SDKROOT = iphoneos;
				SWIFT_ACTIVE_COMPILATION_CONDITIONS = "DEBUG $(inherited)";
				SWIFT_OPTIMIZATION_LEVEL = "-Onone";
			};
			name = Debug;
		};
		A698B9092D3313280034651E /* Release */ = {
			isa = XCBuildConfiguration;
			buildSettings = {
				ALWAYS_SEARCH_USER_PATHS = NO;
				ASSETCATALOG_COMPILER_GENERATE_SWIFT_ASSET_SYMBOL_EXTENSIONS = YES;
				CLANG_ANALYZER_NONNULL = YES;
				CLANG_ANALYZER_NUMBER_OBJECT_CONVERSION = YES_AGGRESSIVE;
				CLANG_CXX_LANGUAGE_STANDARD = "gnu++20";
				CLANG_ENABLE_MODULES = YES;
				CLANG_ENABLE_OBJC_ARC = YES;
				CLANG_ENABLE_OBJC_WEAK = YES;
				CLANG_WARN_BLOCK_CAPTURE_AUTORELEASING = YES;
				CLANG_WARN_BOOL_CONVERSION = YES;
				CLANG_WARN_COMMA = YES;
				CLANG_WARN_CONSTANT_CONVERSION = YES;
				CLANG_WARN_DEPRECATED_OBJC_IMPLEMENTATIONS = YES;
				CLANG_WARN_DIRECT_OBJC_ISA_USAGE = YES_ERROR;
				CLANG_WARN_DOCUMENTATION_COMMENTS = YES;
				CLANG_WARN_EMPTY_BODY = YES;
				CLANG_WARN_ENUM_CONVERSION = YES;
				CLANG_WARN_INFINITE_RECURSION = YES;
				CLANG_WARN_INT_CONVERSION = YES;
				CLANG_WARN_NON_LITERAL_NULL_CONVERSION = YES;
				CLANG_WARN_OBJC_IMPLICIT_RETAIN_SELF = YES;
				CLANG_WARN_OBJC_LITERAL_CONVERSION = YES;
				CLANG_WARN_OBJC_ROOT_CLASS = YES_ERROR;
				CLANG_WARN_QUOTED_INCLUDE_IN_FRAMEWORK_HEADER = YES;
				CLANG_WARN_RANGE_LOOP_ANALYSIS = YES;
				CLANG_WARN_STRICT_PROTOTYPES = YES;
				CLANG_WARN_SUSPICIOUS_MOVE = YES;
				CLANG_WARN_UNGUARDED_AVAILABILITY = YES_AGGRESSIVE;
				CLANG_WARN_UNREACHABLE_CODE = YES;
				CLANG_WARN__DUPLICATE_METHOD_MATCH = YES;
				COPY_PHASE_STRIP = NO;
				DEBUG_INFORMATION_FORMAT = "dwarf-with-dsym";
				ENABLE_NS_ASSERTIONS = NO;
				ENABLE_STRICT_OBJC_MSGSEND = YES;
				ENABLE_USER_SCRIPT_SANDBOXING = YES;
				GCC_C_LANGUAGE_STANDARD = gnu17;
				GCC_NO_COMMON_BLOCKS = YES;
				GCC_WARN_64_TO_32_BIT_CONVERSION = YES;
				GCC_WARN_ABOUT_RETURN_TYPE = YES_ERROR;
				GCC_WARN_UNDECLARED_SELECTOR = YES;
				GCC_WARN_UNINITIALIZED_AUTOS = YES_AGGRESSIVE;
				GCC_WARN_UNUSED_FUNCTION = YES;
				GCC_WARN_UNUSED_VARIABLE = YES;
				IPHONEOS_DEPLOYMENT_TARGET = 18.1;
				LOCALIZATION_PREFERS_STRING_CATALOGS = YES;
				MTL_ENABLE_DEBUG_INFO = NO;
				MTL_FAST_MATH = YES;
				SDKROOT = iphoneos;
				SWIFT_COMPILATION_MODE = wholemodule;
				VALIDATE_PRODUCT = YES;
			};
			name = Release;
		};
		A698B90B2D3313280034651E /* Debug */ = {
			isa = XCBuildConfiguration;
			buildSettings = {
				ASSETCATALOG_COMPILER_APPICON_NAME = AppIcon;
				ASSETCATALOG_COMPILER_GLOBAL_ACCENT_COLOR_NAME = AccentColor;
				CODE_SIGN_STYLE = Automatic;
				CURRENT_PROJECT_VERSION = 1;
				DEVELOPMENT_ASSET_PATHS = "\"QuizApp/Preview Content\"";
				ENABLE_PREVIEWS = YES;
				GENERATE_INFOPLIST_FILE = YES;
				INFOPLIST_KEY_UIApplicationSceneManifest_Generation = YES;
				INFOPLIST_KEY_UIApplicationSupportsIndirectInputEvents = YES;
				INFOPLIST_KEY_UILaunchScreen_Generation = YES;
				INFOPLIST_KEY_UISupportedInterfaceOrientations_iPad = "UIInterfaceOrientationPortrait UIInterfaceOrientationPortraitUpsideDown UIInterfaceOrientationLandscapeLeft UIInterfaceOrientationLandscapeRight";
				INFOPLIST_KEY_UISupportedInterfaceOrientations_iPhone = "UIInterfaceOrientationPortrait UIInterfaceOrientationLandscapeLeft UIInterfaceOrientationLandscapeRight";
				LD_RUNPATH_SEARCH_PATHS = (
					"$(inherited)",
					"@executable_path/Frameworks",
				);
				MARKETING_VERSION = 1.0;
				PRODUCT_BUNDLE_IDENTIFIER = com.simondv.QuizApp;
				PRODUCT_NAME = "$(TARGET_NAME)";
				SWIFT_EMIT_LOC_STRINGS = YES;
				SWIFT_VERSION = 5.0;
				TARGETED_DEVICE_FAMILY = "1,2";
			};
			name = Debug;
		};
		A698B90C2D3313280034651E /* Release */ = {
			isa = XCBuildConfiguration;
			buildSettings = {
				ASSETCATALOG_COMPILER_APPICON_NAME = AppIcon;
				ASSETCATALOG_COMPILER_GLOBAL_ACCENT_COLOR_NAME = AccentColor;
				CODE_SIGN_STYLE = Automatic;
				CURRENT_PROJECT_VERSION = 1;
				DEVELOPMENT_ASSET_PATHS = "\"QuizApp/Preview Content\"";
				ENABLE_PREVIEWS = YES;
				GENERATE_INFOPLIST_FILE = YES;
				INFOPLIST_KEY_UIApplicationSceneManifest_Generation = YES;
				INFOPLIST_KEY_UIApplicationSupportsIndirectInputEvents = YES;
				INFOPLIST_KEY_UILaunchScreen_Generation = YES;
				INFOPLIST_KEY_UISupportedInterfaceOrientations_iPad = "UIInterfaceOrientationPortrait UIInterfaceOrientationPortraitUpsideDown UIInterfaceOrientationLandscapeLeft UIInterfaceOrientationLandscapeRight";
				INFOPLIST_KEY_UISupportedInterfaceOrientations_iPhone = "UIInterfaceOrientationPortrait UIInterfaceOrientationLandscapeLeft UIInterfaceOrientationLandscapeRight";
				LD_RUNPATH_SEARCH_PATHS = (
					"$(inherited)",
					"@executable_path/Frameworks",
				);
				MARKETING_VERSION = 1.0;
				PRODUCT_BUNDLE_IDENTIFIER = com.simondv.QuizApp;
				PRODUCT_NAME = "$(TARGET_NAME)";
				SWIFT_EMIT_LOC_STRINGS = YES;
				SWIFT_VERSION = 5.0;
				TARGETED_DEVICE_FAMILY = "1,2";
			};
			name = Release;
		};
/* End XCBuildConfiguration section */

/* Begin XCConfigurationList section */
		A698B8F72D3313260034651E /* Build configuration list for PBXProject "QuizApp" */ = {
			isa = XCConfigurationList;
			buildConfigurations = (
				A698B9082D3313280034651E /* Debug */,
				A698B9092D3313280034651E /* Release */,
			);
			defaultConfigurationIsVisible = 0;
			defaultConfigurationName = Release;
		};
		A698B90A2D3313280034651E /* Build configuration list for PBXNativeTarget "QuizApp" */ = {
			isa = XCConfigurationList;
			buildConfigurations = (
				A698B90B2D3313280034651E /* Debug */,
				A698B90C2D3313280034651E /* Release */,
			);
			defaultConfigurationIsVisible = 0;
			defaultConfigurationName = Release;
		};
/* End XCConfigurationList section */
	};
	rootObject = A698B8F42D3313260034651E /* Project object */;
}
